
Microsoft Visual Studio Solution File, Format Version 12.00
# Visual Studio 2013
VisualStudioVersion = 12.0.30723.0
MinimumVisualStudioVersion = 10.0.40219.1
Project("{FAE04EC0-301F-11D3-BF4B-00C04F79EFBC}") = "Blindspot", "Blindspot\Blindspot.csproj", "{0E048015-EC69-4D3D-9A60-D9020366EB20}"
EndProject
Project("{FAE04EC0-301F-11D3-BF4B-00C04F79EFBC}") = "Blindspot.Tests", "Blindspot.Tests\Blindspot.Tests.csproj", "{BAF94489-DD9C-4058-B09E-A20E201D8FC0}"
EndProject
Project("{FAE04EC0-301F-11D3-BF4B-00C04F79EFBC}") = "Blindspot.Core", "Blindspot.Core\Blindspot.Core.csproj", "{5B03D9F4-79FB-4D3A-B90A-780B51EFA7A8}"
EndProject
Project("{2150E333-8FDC-42A3-9474-1A3956D46DE8}") = ".nuget", ".nuget", "{E24FD428-2B3B-411E-8726-1E3655A94AC8}"
	ProjectSection(SolutionItems) = preProject
		.nuget\NuGet.Config = .nuget\NuGet.Config
		.nuget\NuGet.exe = .nuget\NuGet.exe
	EndProjectSection
EndProject
Project("{FAE04EC0-301F-11D3-BF4B-00C04F79EFBC}") = "Blindspot.Playback", "Blindspot.Playback\Blindspot.Playback.csproj", "{5AFC4061-64A3-46CF-AC85-0DA2046AC15D}"
EndProject
Global
	GlobalSection(SolutionConfigurationPlatforms) = preSolution
		Debug|Any CPU = Debug|Any CPU
		Debug|Mixed Platforms = Debug|Mixed Platforms
		Debug|x86 = Debug|x86
		Release|Any CPU = Release|Any CPU
		Release|Mixed Platforms = Release|Mixed Platforms
		Release|x86 = Release|x86
	EndGlobalSection
	GlobalSection(ProjectConfigurationPlatforms) = postSolution
		{0E048015-EC69-4D3D-9A60-D9020366EB20}.Debug|Any CPU.ActiveCfg = Release|x86
		{0E048015-EC69-4D3D-9A60-D9020366EB20}.Debug|Any CPU.Build.0 = Release|x86
		{0E048015-EC69-4D3D-9A60-D9020366EB20}.Debug|Mixed Platforms.ActiveCfg = Debug|x86
		{0E048015-EC69-4D3D-9A60-D9020366EB20}.Debug|Mixed Platforms.Build.0 = Debug|x86
		{0E048015-EC69-4D3D-9A60-D9020366EB20}.Debug|x86.ActiveCfg = Debug|x86
		{0E048015-EC69-4D3D-9A60-D9020366EB20}.Debug|x86.Build.0 = Debug|x86
		{0E048015-EC69-4D3D-9A60-D9020366EB20}.Release|Any CPU.ActiveCfg = Release|Any CPU
		{0E048015-EC69-4D3D-9A60-D9020366EB20}.Release|Any CPU.Build.0 = Release|Any CPU
		{0E048015-EC69-4D3D-9A60-D9020366EB20}.Release|Mixed Platforms.ActiveCfg = Release|x86
		{0E048015-EC69-4D3D-9A60-D9020366EB20}.Release|Mixed Platforms.Build.0 = Release|x86
		{0E048015-EC69-4D3D-9A60-D9020366EB20}.Release|x86.ActiveCfg = Release|x86
		{0E048015-EC69-4D3D-9A60-D9020366EB20}.Release|x86.Build.0 = Release|x86
		{BAF94489-DD9C-4058-B09E-A20E201D8FC0}.Debug|Any CPU.ActiveCfg = Release|Any CPU
		{BAF94489-DD9C-4058-B09E-A20E201D8FC0}.Debug|Any CPU.Build.0 = Release|Any CPU
		{BAF94489-DD9C-4058-B09E-A20E201D8FC0}.Debug|Mixed Platforms.ActiveCfg = Debug|x86
		{BAF94489-DD9C-4058-B09E-A20E201D8FC0}.Debug|Mixed Platforms.Build.0 = Debug|x86
		{BAF94489-DD9C-4058-B09E-A20E201D8FC0}.Debug|x86.ActiveCfg = Debug|x86
		{BAF94489-DD9C-4058-B09E-A20E201D8FC0}.Debug|x86.Build.0 = Debug|x86
		{BAF94489-DD9C-4058-B09E-A20E201D8FC0}.Release|Any CPU.ActiveCfg = Release|Any CPU
		{BAF94489-DD9C-4058-B09E-A20E201D8FC0}.Release|Any CPU.Build.0 = Release|Any CPU
		{BAF94489-DD9C-4058-B09E-A20E201D8FC0}.Release|Mixed Platforms.ActiveCfg = Release|x86
		{BAF94489-DD9C-4058-B09E-A20E201D8FC0}.Release|Mixed Platforms.Build.0 = Release|x86
		{BAF94489-DD9C-4058-B09E-A20E201D8FC0}.Release|x86.ActiveCfg = Release|x86
		{BAF94489-DD9C-4058-B09E-A20E201D8FC0}.Release|x86.Build.0 = Release|x86
		{5B03D9F4-79FB-4D3A-B90A-780B51EFA7A8}.Debug|Any CPU.ActiveCfg = Debug|Any CPU
		{5B03D9F4-79FB-4D3A-B90A-780B51EFA7A8}.Debug|Any CPU.Build.0 = Debug|Any CPU
		{5B03D9F4-79FB-4D3A-B90A-780B51EFA7A8}.Debug|Mixed Platforms.ActiveCfg = Debug|x86
		{5B03D9F4-79FB-4D3A-B90A-780B51EFA7A8}.Debug|Mixed Platforms.Build.0 = Debug|x86
		{5B03D9F4-79FB-4D3A-B90A-780B51EFA7A8}.Debug|x86.ActiveCfg = Debug|x86
		{5B03D9F4-79FB-4D3A-B90A-780B51EFA7A8}.Release|Any CPU.ActiveCfg = Release|Any CPU
		{5B03D9F4-79FB-4D3A-B90A-780B51EFA7A8}.Release|Any CPU.Build.0 = Release|Any CPU
		{5B03D9F4-79FB-4D3A-B90A-780B51EFA7A8}.Release|Mixed Platforms.ActiveCfg = Release|x86
		{5B03D9F4-79FB-4D3A-B90A-780B51EFA7A8}.Release|Mixed Platforms.Build.0 = Release|x86
		{5B03D9F4-79FB-4D3A-B90A-780B51EFA7A8}.Release|x86.ActiveCfg = Release|x86
		{5B03D9F4-79FB-4D3A-B90A-780B51EFA7A8}.Release|x86.Build.0 = Release|x86
		{5AFC4061-64A3-46CF-AC85-0DA2046AC15D}.Debug|Any CPU.ActiveCfg = Debug|Any CPU
		{5AFC4061-64A3-46CF-AC85-0DA2046AC15D}.Debug|Any CPU.Build.0 = Debug|Any CPU
		{5AFC4061-64A3-46CF-AC85-0DA2046AC15D}.Debug|Mixed Platforms.ActiveCfg = Debug|Any CPU
		{5AFC4061-64A3-46CF-AC85-0DA2046AC15D}.Debug|Mixed Platforms.Build.0 = Debug|Any CPU
		{5AFC4061-64A3-46CF-AC85-0DA2046AC15D}.Debug|x86.ActiveCfg = Debug|x86
		{5AFC4061-64A3-46CF-AC85-0DA2046AC15D}.Release|Any CPU.ActiveCfg = Release|Any CPU
		{5AFC4061-64A3-46CF-AC85-0DA2046AC15D}.Release|Any CPU.Build.0 = Release|Any CPU
		{5AFC4061-64A3-46CF-AC85-0DA2046AC15D}.Release|Mixed Platforms.ActiveCfg = Release|Any CPU
		{5AFC4061-64A3-46CF-AC85-0DA2046AC15D}.Release|Mixed Platforms.Build.0 = Release|Any CPU
		{5AFC4061-64A3-46CF-AC85-0DA2046AC15D}.Release|x86.ActiveCfg = Release|x86
		{5AFC4061-64A3-46CF-AC85-0DA2046AC15D}.Release|x86.Build.0 = Release|x86
	EndGlobalSection
	GlobalSection(SolutionProperties) = preSolution
		HideSolutionNode = FALSE
	EndGlobalSection
	GlobalSection(Performance) = preSolution
		HasPerformanceSessions = true
	EndGlobalSection
EndGlobal
