
Microsoft Visual Studio Solution File, Format Version 12.00
# Visual Studio Express 2012 for Windows Desktop
Project("{FAE04EC0-301F-11D3-BF4B-00C04F79EFBC}") = "Blindspot", "Blindspot\Blindspot.csproj", "{0E048015-EC69-4D3D-9A60-D9020366EB20}"
EndProject
Project("{FAE04EC0-301F-11D3-BF4B-00C04F79EFBC}") = "Blindspot.Tests", "Blindspot.Tests\Blindspot.Tests.csproj", "{BAF94489-DD9C-4058-B09E-A20E201D8FC0}"
EndProject
Project("{FAE04EC0-301F-11D3-BF4B-00C04F79EFBC}") = "Blindspot.Core", "Blindspot.Core\Blindspot.Core.csproj", "{5B03D9F4-79FB-4D3A-B90A-780B51EFA7A8}"
EndProject
Global
	GlobalSection(SolutionConfigurationPlatforms) = preSolution
		Debug|Any CPU = Debug|Any CPU
		Debug|x86 = Debug|x86
		Release|Any CPU = Release|Any CPU
		Release|x86 = Release|x86
	EndGlobalSection
	GlobalSection(ProjectConfigurationPlatforms) = postSolution
		{0E048015-EC69-4D3D-9A60-D9020366EB20}.Debug|Any CPU.ActiveCfg = Release|x86
		{0E048015-EC69-4D3D-9A60-D9020366EB20}.Debug|Any CPU.Build.0 = Release|x86
		{0E048015-EC69-4D3D-9A60-D9020366EB20}.Debug|x86.ActiveCfg = Debug|x86
		{0E048015-EC69-4D3D-9A60-D9020366EB20}.Debug|x86.Build.0 = Debug|x86
		{0E048015-EC69-4D3D-9A60-D9020366EB20}.Release|Any CPU.ActiveCfg = Release|Any CPU
		{0E048015-EC69-4D3D-9A60-D9020366EB20}.Release|Any CPU.Build.0 = Release|Any CPU
		{0E048015-EC69-4D3D-9A60-D9020366EB20}.Release|x86.ActiveCfg = Release|x86
		{0E048015-EC69-4D3D-9A60-D9020366EB20}.Release|x86.Build.0 = Release|x86
		{BAF94489-DD9C-4058-B09E-A20E201D8FC0}.Debug|Any CPU.ActiveCfg = Release|Any CPU
		{BAF94489-DD9C-4058-B09E-A20E201D8FC0}.Debug|Any CPU.Build.0 = Release|Any CPU
		{BAF94489-DD9C-4058-B09E-A20E201D8FC0}.Debug|x86.ActiveCfg = Debug|x86
		{BAF94489-DD9C-4058-B09E-A20E201D8FC0}.Debug|x86.Build.0 = Debug|x86
		{BAF94489-DD9C-4058-B09E-A20E201D8FC0}.Release|Any CPU.ActiveCfg = Release|Any CPU
		{BAF94489-DD9C-4058-B09E-A20E201D8FC0}.Release|Any CPU.Build.0 = Release|Any CPU
		{BAF94489-DD9C-4058-B09E-A20E201D8FC0}.Release|x86.ActiveCfg = Release|x86
		{BAF94489-DD9C-4058-B09E-A20E201D8FC0}.Release|x86.Build.0 = Release|x86
		{5B03D9F4-79FB-4D3A-B90A-780B51EFA7A8}.Debug|Any CPU.ActiveCfg = Debug|Any CPU
		{5B03D9F4-79FB-4D3A-B90A-780B51EFA7A8}.Debug|Any CPU.Build.0 = Debug|Any CPU
		{5B03D9F4-79FB-4D3A-B90A-780B51EFA7A8}.Debug|x86.ActiveCfg = Debug|Any CPU
		{5B03D9F4-79FB-4D3A-B90A-780B51EFA7A8}.Release|Any CPU.ActiveCfg = Release|Any CPU
		{5B03D9F4-79FB-4D3A-B90A-780B51EFA7A8}.Release|Any CPU.Build.0 = Release|Any CPU
		{5B03D9F4-79FB-4D3A-B90A-780B51EFA7A8}.Release|x86.ActiveCfg = Release|x86
		{5B03D9F4-79FB-4D3A-B90A-780B51EFA7A8}.Release|x86.Build.0 = Release|x86
	EndGlobalSection
	GlobalSection(SolutionProperties) = preSolution
		HideSolutionNode = FALSE
	EndGlobalSection
EndGlobal
